
Microsoft Visual Studio Solution File, Format Version 12.00
# Visual Studio 2012
Project("{FAE04EC0-301F-11D3-BF4B-00C04F79EFBC}") = "N1TipCalc", "N1TipCalc\N1TipCalc.csproj", "{601D0C55-09A0-4B18-9611-9CF37BAA3AA1}"
EndProject
Project("{FAE04EC0-301F-11D3-BF4B-00C04F79EFBC}") = "N1TipCalc.Droid", "N1TipCalc.Droid\N1TipCalc.Droid.csproj", "{BDF29563-6E84-411D-AFA0-BF4DD8B98FF6}"
EndProject
Global
	GlobalSection(SolutionConfigurationPlatforms) = preSolution
		Debug|Any CPU = Debug|Any CPU
		Release|Any CPU = Release|Any CPU
	EndGlobalSection
	GlobalSection(ProjectConfigurationPlatforms) = postSolution
		{601D0C55-09A0-4B18-9611-9CF37BAA3AA1}.Debug|Any CPU.ActiveCfg = Debug|Any CPU
		{601D0C55-09A0-4B18-9611-9CF37BAA3AA1}.Debug|Any CPU.Build.0 = Debug|Any CPU
		{601D0C55-09A0-4B18-9611-9CF37BAA3AA1}.Release|Any CPU.ActiveCfg = Release|Any CPU
		{601D0C55-09A0-4B18-9611-9CF37BAA3AA1}.Release|Any CPU.Build.0 = Release|Any CPU
		{BDF29563-6E84-411D-AFA0-BF4DD8B98FF6}.Debug|Any CPU.ActiveCfg = Debug|Any CPU
		{BDF29563-6E84-411D-AFA0-BF4DD8B98FF6}.Debug|Any CPU.Build.0 = Debug|Any CPU
		{BDF29563-6E84-411D-AFA0-BF4DD8B98FF6}.Release|Any CPU.ActiveCfg = Release|Any CPU
		{BDF29563-6E84-411D-AFA0-BF4DD8B98FF6}.Release|Any CPU.Build.0 = Release|Any CPU
	EndGlobalSection
EndGlobal
